// !$*UTF8*$!
{
	archiveVersion = 1;
	classes = {
	};
	objectVersion = 56;
	objects = {

/* Begin PBXBuildFile section */
		8F08DE0429A253DB00D0BEA4 /* UserInformation.swift in Sources */ = {isa = PBXBuildFile; fileRef = 8F08DE0329A253DB00D0BEA4 /* UserInformation.swift */; };
		8F13C87A29A085AB001C3E56 /* Main.storyboard in Resources */ = {isa = PBXBuildFile; fileRef = 8F13C87829A085AB001C3E56 /* Main.storyboard */; };
		8F13C87B29A085AB001C3E56 /* LaunchScreen.storyboard in Resources */ = {isa = PBXBuildFile; fileRef = 8F13C87929A085AB001C3E56 /* LaunchScreen.storyboard */; };
		8F13C87E29A085B3001C3E56 /* AppDelegate.swift in Sources */ = {isa = PBXBuildFile; fileRef = 8F13C87C29A085B3001C3E56 /* AppDelegate.swift */; };
		8F13C87F29A085B3001C3E56 /* SceneDelegate.swift in Sources */ = {isa = PBXBuildFile; fileRef = 8F13C87D29A085B3001C3E56 /* SceneDelegate.swift */; };
		8F13C88629A0AB4C001C3E56 /* UIView+Extension.swift in Sources */ = {isa = PBXBuildFile; fileRef = 8F13C88529A0AB4C001C3E56 /* UIView+Extension.swift */; };
		8F13C88829A11F2E001C3E56 /* SignUpViewController.swift in Sources */ = {isa = PBXBuildFile; fileRef = 8F13C88729A11F2E001C3E56 /* SignUpViewController.swift */; };
		8F13C88A29A12984001C3E56 /* UIViewController+Extension.swift in Sources */ = {isa = PBXBuildFile; fileRef = 8F13C88929A12984001C3E56 /* UIViewController+Extension.swift */; };
		8F89F292299E415800E775CD /* LoginViewController.swift in Sources */ = {isa = PBXBuildFile; fileRef = 8F89F291299E415800E775CD /* LoginViewController.swift */; };
		8F89F297299E415B00E775CD /* Assets.xcassets in Resources */ = {isa = PBXBuildFile; fileRef = 8F89F296299E415B00E775CD /* Assets.xcassets */; };
		8FEFE328299F666D00D645A6 /* UIFont+Extension.swift in Sources */ = {isa = PBXBuildFile; fileRef = 8FEFE327299F666D00D645A6 /* UIFont+Extension.swift */; };
		8FEFE32A299F66D400D645A6 /* Pretendard-Medium.otf in Resources */ = {isa = PBXBuildFile; fileRef = 8FEFE329299F66D400D645A6 /* Pretendard-Medium.otf */; };
		8FEFE333299F676400D645A6 /* Pretendard-Thin.otf in Resources */ = {isa = PBXBuildFile; fileRef = 8FEFE32B299F676400D645A6 /* Pretendard-Thin.otf */; };
		8FEFE334299F676400D645A6 /* Pretendard-SemiBold.otf in Resources */ = {isa = PBXBuildFile; fileRef = 8FEFE32C299F676400D645A6 /* Pretendard-SemiBold.otf */; };
		8FEFE335299F676400D645A6 /* Pretendard-Black.otf in Resources */ = {isa = PBXBuildFile; fileRef = 8FEFE32D299F676400D645A6 /* Pretendard-Black.otf */; };
		8FEFE336299F676400D645A6 /* Pretendard-ExtraBold.otf in Resources */ = {isa = PBXBuildFile; fileRef = 8FEFE32E299F676400D645A6 /* Pretendard-ExtraBold.otf */; };
		8FEFE337299F676400D645A6 /* Pretendard-ExtraLight.otf in Resources */ = {isa = PBXBuildFile; fileRef = 8FEFE32F299F676400D645A6 /* Pretendard-ExtraLight.otf */; };
		8FEFE338299F676400D645A6 /* Pretendard-Light.otf in Resources */ = {isa = PBXBuildFile; fileRef = 8FEFE330299F676400D645A6 /* Pretendard-Light.otf */; };
		8FEFE339299F676400D645A6 /* Pretendard-Bold.otf in Resources */ = {isa = PBXBuildFile; fileRef = 8FEFE331299F676400D645A6 /* Pretendard-Bold.otf */; };
		8FEFE33A299F676400D645A6 /* Pretendard-Regular.otf in Resources */ = {isa = PBXBuildFile; fileRef = 8FEFE332299F676400D645A6 /* Pretendard-Regular.otf */; };
/* End PBXBuildFile section */

/* Begin PBXFileReference section */
		8F08DE0329A253DB00D0BEA4 /* UserInformation.swift */ = {isa = PBXFileReference; lastKnownFileType = sourcecode.swift; path = UserInformation.swift; sourceTree = "<group>"; };
		8F13C87829A085AB001C3E56 /* Main.storyboard */ = {isa = PBXFileReference; fileEncoding = 4; lastKnownFileType = file.storyboard; path = Main.storyboard; sourceTree = "<group>"; };
		8F13C87929A085AB001C3E56 /* LaunchScreen.storyboard */ = {isa = PBXFileReference; fileEncoding = 4; lastKnownFileType = file.storyboard; path = LaunchScreen.storyboard; sourceTree = "<group>"; };
		8F13C87C29A085B3001C3E56 /* AppDelegate.swift */ = {isa = PBXFileReference; fileEncoding = 4; lastKnownFileType = sourcecode.swift; path = AppDelegate.swift; sourceTree = "<group>"; };
		8F13C87D29A085B3001C3E56 /* SceneDelegate.swift */ = {isa = PBXFileReference; fileEncoding = 4; lastKnownFileType = sourcecode.swift; path = SceneDelegate.swift; sourceTree = "<group>"; };
		8F13C88529A0AB4C001C3E56 /* UIView+Extension.swift */ = {isa = PBXFileReference; lastKnownFileType = sourcecode.swift; path = "UIView+Extension.swift"; sourceTree = "<group>"; };
		8F13C88729A11F2E001C3E56 /* SignUpViewController.swift */ = {isa = PBXFileReference; lastKnownFileType = sourcecode.swift; path = SignUpViewController.swift; sourceTree = "<group>"; };
		8F13C88929A12984001C3E56 /* UIViewController+Extension.swift */ = {isa = PBXFileReference; lastKnownFileType = sourcecode.swift; path = "UIViewController+Extension.swift"; sourceTree = "<group>"; };
		8F89F28A299E415800E775CD /* SignUp.app */ = {isa = PBXFileReference; explicitFileType = wrapper.application; includeInIndex = 0; path = SignUp.app; sourceTree = BUILT_PRODUCTS_DIR; };
		8F89F291299E415800E775CD /* LoginViewController.swift */ = {isa = PBXFileReference; lastKnownFileType = sourcecode.swift; path = LoginViewController.swift; sourceTree = "<group>"; };
		8F89F296299E415B00E775CD /* Assets.xcassets */ = {isa = PBXFileReference; lastKnownFileType = folder.assetcatalog; path = Assets.xcassets; sourceTree = "<group>"; };
		8F89F29B299E415B00E775CD /* Info.plist */ = {isa = PBXFileReference; lastKnownFileType = text.plist.xml; path = Info.plist; sourceTree = "<group>"; };
		8FEFE327299F666D00D645A6 /* UIFont+Extension.swift */ = {isa = PBXFileReference; lastKnownFileType = sourcecode.swift; path = "UIFont+Extension.swift"; sourceTree = "<group>"; };
		8FEFE329299F66D400D645A6 /* Pretendard-Medium.otf */ = {isa = PBXFileReference; lastKnownFileType = file; path = "Pretendard-Medium.otf"; sourceTree = "<group>"; };
		8FEFE32B299F676400D645A6 /* Pretendard-Thin.otf */ = {isa = PBXFileReference; lastKnownFileType = file; path = "Pretendard-Thin.otf"; sourceTree = "<group>"; };
		8FEFE32C299F676400D645A6 /* Pretendard-SemiBold.otf */ = {isa = PBXFileReference; lastKnownFileType = file; path = "Pretendard-SemiBold.otf"; sourceTree = "<group>"; };
		8FEFE32D299F676400D645A6 /* Pretendard-Black.otf */ = {isa = PBXFileReference; lastKnownFileType = file; path = "Pretendard-Black.otf"; sourceTree = "<group>"; };
		8FEFE32E299F676400D645A6 /* Pretendard-ExtraBold.otf */ = {isa = PBXFileReference; lastKnownFileType = file; path = "Pretendard-ExtraBold.otf"; sourceTree = "<group>"; };
		8FEFE32F299F676400D645A6 /* Pretendard-ExtraLight.otf */ = {isa = PBXFileReference; lastKnownFileType = file; path = "Pretendard-ExtraLight.otf"; sourceTree = "<group>"; };
		8FEFE330299F676400D645A6 /* Pretendard-Light.otf */ = {isa = PBXFileReference; lastKnownFileType = file; path = "Pretendard-Light.otf"; sourceTree = "<group>"; };
		8FEFE331299F676400D645A6 /* Pretendard-Bold.otf */ = {isa = PBXFileReference; lastKnownFileType = file; path = "Pretendard-Bold.otf"; sourceTree = "<group>"; };
		8FEFE332299F676400D645A6 /* Pretendard-Regular.otf */ = {isa = PBXFileReference; lastKnownFileType = file; path = "Pretendard-Regular.otf"; sourceTree = "<group>"; };
/* End PBXFileReference section */

/* Begin PBXFrameworksBuildPhase section */
		8F89F287299E415800E775CD /* Frameworks */ = {
			isa = PBXFrameworksBuildPhase;
			buildActionMask = 2147483647;
			files = (
			);
			runOnlyForDeploymentPostprocessing = 0;
		};
/* End PBXFrameworksBuildPhase section */

/* Begin PBXGroup section */
		8F08DE0229A253BB00D0BEA4 /* Models */ = {
			isa = PBXGroup;
			children = (
				8F08DE0329A253DB00D0BEA4 /* UserInformation.swift */,
			);
			path = Models;
			sourceTree = "<group>";
		};
		8F13C88029A086EC001C3E56 /* Sources */ = {
			isa = PBXGroup;
			children = (
				8F08DE0229A253BB00D0BEA4 /* Models */,
				8F13C88229A088CA001C3E56 /* Delegates */,
				8F13C88129A086FD001C3E56 /* ViewControllers */,
				8FEFE326299F664F00D645A6 /* Extension */,
			);
			path = Sources;
			sourceTree = "<group>";
		};
		8F13C88129A086FD001C3E56 /* ViewControllers */ = {
			isa = PBXGroup;
			children = (
				8F89F291299E415800E775CD /* LoginViewController.swift */,
				8F13C88729A11F2E001C3E56 /* SignUpViewController.swift */,
			);
			path = ViewControllers;
			sourceTree = "<group>";
		};
		8F13C88229A088CA001C3E56 /* Delegates */ = {
			isa = PBXGroup;
			children = (
				8F13C87C29A085B3001C3E56 /* AppDelegate.swift */,
				8F13C87D29A085B3001C3E56 /* SceneDelegate.swift */,
			);
			path = Delegates;
			sourceTree = "<group>";
		};
		8F13C88329A088DD001C3E56 /* Storyboards */ = {
			isa = PBXGroup;
			children = (
				8F13C87929A085AB001C3E56 /* LaunchScreen.storyboard */,
				8F13C87829A085AB001C3E56 /* Main.storyboard */,
			);
			path = Storyboards;
			sourceTree = "<group>";
		};
		8F13C88429A088F2001C3E56 /* Supporting Files */ = {
			isa = PBXGroup;
			children = (
				8F89F29B299E415B00E775CD /* Info.plist */,
				8F89F296299E415B00E775CD /* Assets.xcassets */,
			);
			path = "Supporting Files";
			sourceTree = "<group>";
		};
		8F89F281299E415800E775CD = {
			isa = PBXGroup;
			children = (
				8F89F28C299E415800E775CD /* SignUp */,
				8F89F28B299E415800E775CD /* Products */,
			);
			sourceTree = "<group>";
		};
		8F89F28B299E415800E775CD /* Products */ = {
			isa = PBXGroup;
			children = (
				8F89F28A299E415800E775CD /* SignUp.app */,
			);
			name = Products;
			sourceTree = "<group>";
		};
		8F89F28C299E415800E775CD /* SignUp */ = {
			isa = PBXGroup;
			children = (
				8F13C88029A086EC001C3E56 /* Sources */,
				8FEFE322299F651F00D645A6 /* Resources */,
			);
			path = SignUp;
			sourceTree = "<group>";
		};
		8FEFE322299F651F00D645A6 /* Resources */ = {
			isa = PBXGroup;
			children = (
				8F13C88429A088F2001C3E56 /* Supporting Files */,
				8F13C88329A088DD001C3E56 /* Storyboards */,
				8FEFE33B299F6A4700D645A6 /* Fonts */,
			);
			path = Resources;
			sourceTree = "<group>";
		};
		8FEFE326299F664F00D645A6 /* Extension */ = {
			isa = PBXGroup;
			children = (
				8FEFE327299F666D00D645A6 /* UIFont+Extension.swift */,
				8F13C88529A0AB4C001C3E56 /* UIView+Extension.swift */,
				8F13C88929A12984001C3E56 /* UIViewController+Extension.swift */,
			);
			path = Extension;
			sourceTree = "<group>";
		};
		8FEFE33B299F6A4700D645A6 /* Fonts */ = {
			isa = PBXGroup;
			children = (
				8FEFE32D299F676400D645A6 /* Pretendard-Black.otf */,
				8FEFE331299F676400D645A6 /* Pretendard-Bold.otf */,
				8FEFE32E299F676400D645A6 /* Pretendard-ExtraBold.otf */,
				8FEFE32F299F676400D645A6 /* Pretendard-ExtraLight.otf */,
				8FEFE330299F676400D645A6 /* Pretendard-Light.otf */,
				8FEFE332299F676400D645A6 /* Pretendard-Regular.otf */,
				8FEFE32C299F676400D645A6 /* Pretendard-SemiBold.otf */,
				8FEFE32B299F676400D645A6 /* Pretendard-Thin.otf */,
				8FEFE329299F66D400D645A6 /* Pretendard-Medium.otf */,
			);
			path = Fonts;
			sourceTree = "<group>";
		};
/* End PBXGroup section */

/* Begin PBXNativeTarget section */
		8F89F289299E415800E775CD /* SignUp */ = {
			isa = PBXNativeTarget;
			buildConfigurationList = 8F89F29E299E415B00E775CD /* Build configuration list for PBXNativeTarget "SignUp" */;
			buildPhases = (
				8F89F286299E415800E775CD /* Sources */,
				8F89F287299E415800E775CD /* Frameworks */,
				8F89F288299E415800E775CD /* Resources */,
			);
			buildRules = (
			);
			dependencies = (
			);
			name = SignUp;
			productName = SignUp;
			productReference = 8F89F28A299E415800E775CD /* SignUp.app */;
			productType = "com.apple.product-type.application";
		};
/* End PBXNativeTarget section */

/* Begin PBXProject section */
		8F89F282299E415800E775CD /* Project object */ = {
			isa = PBXProject;
			attributes = {
				BuildIndependentTargetsInParallel = 1;
				LastSwiftUpdateCheck = 1420;
				LastUpgradeCheck = 1420;
				TargetAttributes = {
					8F89F289299E415800E775CD = {
						CreatedOnToolsVersion = 14.2;
					};
				};
			};
			buildConfigurationList = 8F89F285299E415800E775CD /* Build configuration list for PBXProject "SignUp" */;
			compatibilityVersion = "Xcode 14.0";
			developmentRegion = en;
			hasScannedForEncodings = 0;
			knownRegions = (
				en,
				Base,
			);
			mainGroup = 8F89F281299E415800E775CD;
			productRefGroup = 8F89F28B299E415800E775CD /* Products */;
			projectDirPath = "";
			projectRoot = "";
			targets = (
				8F89F289299E415800E775CD /* SignUp */,
			);
		};
/* End PBXProject section */

/* Begin PBXResourcesBuildPhase section */
		8F89F288299E415800E775CD /* Resources */ = {
			isa = PBXResourcesBuildPhase;
			buildActionMask = 2147483647;
			files = (
				8FEFE339299F676400D645A6 /* Pretendard-Bold.otf in Resources */,
				8FEFE33A299F676400D645A6 /* Pretendard-Regular.otf in Resources */,
				8FEFE337299F676400D645A6 /* Pretendard-ExtraLight.otf in Resources */,
				8FEFE333299F676400D645A6 /* Pretendard-Thin.otf in Resources */,
				8FEFE338299F676400D645A6 /* Pretendard-Light.otf in Resources */,
				8F13C87A29A085AB001C3E56 /* Main.storyboard in Resources */,
				8FEFE336299F676400D645A6 /* Pretendard-ExtraBold.otf in Resources */,
				8FEFE32A299F66D400D645A6 /* Pretendard-Medium.otf in Resources */,
				8FEFE334299F676400D645A6 /* Pretendard-SemiBold.otf in Resources */,
				8F13C87B29A085AB001C3E56 /* LaunchScreen.storyboard in Resources */,
				8F89F297299E415B00E775CD /* Assets.xcassets in Resources */,
				8FEFE335299F676400D645A6 /* Pretendard-Black.otf in Resources */,
			);
			runOnlyForDeploymentPostprocessing = 0;
		};
/* End PBXResourcesBuildPhase section */

/* Begin PBXSourcesBuildPhase section */
		8F89F286299E415800E775CD /* Sources */ = {
			isa = PBXSourcesBuildPhase;
			buildActionMask = 2147483647;
			files = (
				8F13C88829A11F2E001C3E56 /* SignUpViewController.swift in Sources */,
				8F13C87E29A085B3001C3E56 /* AppDelegate.swift in Sources */,
				8F89F292299E415800E775CD /* LoginViewController.swift in Sources */,
				8FEFE328299F666D00D645A6 /* UIFont+Extension.swift in Sources */,
				8F13C88A29A12984001C3E56 /* UIViewController+Extension.swift in Sources */,
				8F08DE0429A253DB00D0BEA4 /* UserInformation.swift in Sources */,
				8F13C88629A0AB4C001C3E56 /* UIView+Extension.swift in Sources */,
				8F13C87F29A085B3001C3E56 /* SceneDelegate.swift in Sources */,
			);
			runOnlyForDeploymentPostprocessing = 0;
		};
/* End PBXSourcesBuildPhase section */

/* Begin XCBuildConfiguration section */
		8F89F29C299E415B00E775CD /* Debug */ = {
			isa = XCBuildConfiguration;
			buildSettings = {
				ALWAYS_SEARCH_USER_PATHS = NO;
				CLANG_ANALYZER_NONNULL = YES;
				CLANG_ANALYZER_NUMBER_OBJECT_CONVERSION = YES_AGGRESSIVE;
				CLANG_CXX_LANGUAGE_STANDARD = "gnu++20";
				CLANG_ENABLE_MODULES = YES;
				CLANG_ENABLE_OBJC_ARC = YES;
				CLANG_ENABLE_OBJC_WEAK = YES;
				CLANG_WARN_BLOCK_CAPTURE_AUTORELEASING = YES;
				CLANG_WARN_BOOL_CONVERSION = YES;
				CLANG_WARN_COMMA = YES;
				CLANG_WARN_CONSTANT_CONVERSION = YES;
				CLANG_WARN_DEPRECATED_OBJC_IMPLEMENTATIONS = YES;
				CLANG_WARN_DIRECT_OBJC_ISA_USAGE = YES_ERROR;
				CLANG_WARN_DOCUMENTATION_COMMENTS = YES;
				CLANG_WARN_EMPTY_BODY = YES;
				CLANG_WARN_ENUM_CONVERSION = YES;
				CLANG_WARN_INFINITE_RECURSION = YES;
				CLANG_WARN_INT_CONVERSION = YES;
				CLANG_WARN_NON_LITERAL_NULL_CONVERSION = YES;
				CLANG_WARN_OBJC_IMPLICIT_RETAIN_SELF = YES;
				CLANG_WARN_OBJC_LITERAL_CONVERSION = YES;
				CLANG_WARN_OBJC_ROOT_CLASS = YES_ERROR;
				CLANG_WARN_QUOTED_INCLUDE_IN_FRAMEWORK_HEADER = YES;
				CLANG_WARN_RANGE_LOOP_ANALYSIS = YES;
				CLANG_WARN_STRICT_PROTOTYPES = YES;
				CLANG_WARN_SUSPICIOUS_MOVE = YES;
				CLANG_WARN_UNGUARDED_AVAILABILITY = YES_AGGRESSIVE;
				CLANG_WARN_UNREACHABLE_CODE = YES;
				CLANG_WARN__DUPLICATE_METHOD_MATCH = YES;
				COPY_PHASE_STRIP = NO;
				DEBUG_INFORMATION_FORMAT = dwarf;
				ENABLE_STRICT_OBJC_MSGSEND = YES;
				ENABLE_TESTABILITY = YES;
				GCC_C_LANGUAGE_STANDARD = gnu11;
				GCC_DYNAMIC_NO_PIC = NO;
				GCC_NO_COMMON_BLOCKS = YES;
				GCC_OPTIMIZATION_LEVEL = 0;
				GCC_PREPROCESSOR_DEFINITIONS = (
					"DEBUG=1",
					"$(inherited)",
				);
				GCC_WARN_64_TO_32_BIT_CONVERSION = YES;
				GCC_WARN_ABOUT_RETURN_TYPE = YES_ERROR;
				GCC_WARN_UNDECLARED_SELECTOR = YES;
				GCC_WARN_UNINITIALIZED_AUTOS = YES_AGGRESSIVE;
				GCC_WARN_UNUSED_FUNCTION = YES;
				GCC_WARN_UNUSED_VARIABLE = YES;
				IPHONEOS_DEPLOYMENT_TARGET = 16.2;
				MTL_ENABLE_DEBUG_INFO = INCLUDE_SOURCE;
				MTL_FAST_MATH = YES;
				ONLY_ACTIVE_ARCH = YES;
				SDKROOT = iphoneos;
				SWIFT_ACTIVE_COMPILATION_CONDITIONS = DEBUG;
				SWIFT_OPTIMIZATION_LEVEL = "-Onone";
			};
			name = Debug;
		};
		8F89F29D299E415B00E775CD /* Release */ = {
			isa = XCBuildConfiguration;
			buildSettings = {
				ALWAYS_SEARCH_USER_PATHS = NO;
				CLANG_ANALYZER_NONNULL = YES;
				CLANG_ANALYZER_NUMBER_OBJECT_CONVERSION = YES_AGGRESSIVE;
				CLANG_CXX_LANGUAGE_STANDARD = "gnu++20";
				CLANG_ENABLE_MODULES = YES;
				CLANG_ENABLE_OBJC_ARC = YES;
				CLANG_ENABLE_OBJC_WEAK = YES;
				CLANG_WARN_BLOCK_CAPTURE_AUTORELEASING = YES;
				CLANG_WARN_BOOL_CONVERSION = YES;
				CLANG_WARN_COMMA = YES;
				CLANG_WARN_CONSTANT_CONVERSION = YES;
				CLANG_WARN_DEPRECATED_OBJC_IMPLEMENTATIONS = YES;
				CLANG_WARN_DIRECT_OBJC_ISA_USAGE = YES_ERROR;
				CLANG_WARN_DOCUMENTATION_COMMENTS = YES;
				CLANG_WARN_EMPTY_BODY = YES;
				CLANG_WARN_ENUM_CONVERSION = YES;
				CLANG_WARN_INFINITE_RECURSION = YES;
				CLANG_WARN_INT_CONVERSION = YES;
				CLANG_WARN_NON_LITERAL_NULL_CONVERSION = YES;
				CLANG_WARN_OBJC_IMPLICIT_RETAIN_SELF = YES;
				CLANG_WARN_OBJC_LITERAL_CONVERSION = YES;
				CLANG_WARN_OBJC_ROOT_CLASS = YES_ERROR;
				CLANG_WARN_QUOTED_INCLUDE_IN_FRAMEWORK_HEADER = YES;
				CLANG_WARN_RANGE_LOOP_ANALYSIS = YES;
				CLANG_WARN_STRICT_PROTOTYPES = YES;
				CLANG_WARN_SUSPICIOUS_MOVE = YES;
				CLANG_WARN_UNGUARDED_AVAILABILITY = YES_AGGRESSIVE;
				CLANG_WARN_UNREACHABLE_CODE = YES;
				CLANG_WARN__DUPLICATE_METHOD_MATCH = YES;
				COPY_PHASE_STRIP = NO;
				DEBUG_INFORMATION_FORMAT = "dwarf-with-dsym";
				ENABLE_NS_ASSERTIONS = NO;
				ENABLE_STRICT_OBJC_MSGSEND = YES;
				GCC_C_LANGUAGE_STANDARD = gnu11;
				GCC_NO_COMMON_BLOCKS = YES;
				GCC_WARN_64_TO_32_BIT_CONVERSION = YES;
				GCC_WARN_ABOUT_RETURN_TYPE = YES_ERROR;
				GCC_WARN_UNDECLARED_SELECTOR = YES;
				GCC_WARN_UNINITIALIZED_AUTOS = YES_AGGRESSIVE;
				GCC_WARN_UNUSED_FUNCTION = YES;
				GCC_WARN_UNUSED_VARIABLE = YES;
				IPHONEOS_DEPLOYMENT_TARGET = 16.2;
				MTL_ENABLE_DEBUG_INFO = NO;
				MTL_FAST_MATH = YES;
				SDKROOT = iphoneos;
				SWIFT_COMPILATION_MODE = wholemodule;
				SWIFT_OPTIMIZATION_LEVEL = "-O";
				VALIDATE_PRODUCT = YES;
			};
			name = Release;
		};
		8F89F29F299E415B00E775CD /* Debug */ = {
			isa = XCBuildConfiguration;
			buildSettings = {
				ASSETCATALOG_COMPILER_APPICON_NAME = AppIcon;
				ASSETCATALOG_COMPILER_GLOBAL_ACCENT_COLOR_NAME = AccentColor;
				CODE_SIGN_STYLE = Automatic;
				CURRENT_PROJECT_VERSION = 1;
				DEVELOPMENT_TEAM = 62SDS28JUT;
				GENERATE_INFOPLIST_FILE = YES;
				INFOPLIST_FILE = "SignUp/Resources/Supporting Files/Info.plist";
				INFOPLIST_KEY_UIApplicationSupportsIndirectInputEvents = YES;
				INFOPLIST_KEY_UILaunchStoryboardName = LaunchScreen;
				INFOPLIST_KEY_UIMainStoryboardFile = Main;
				INFOPLIST_KEY_UISupportedInterfaceOrientations_iPad = "UIInterfaceOrientationPortrait UIInterfaceOrientationPortraitUpsideDown UIInterfaceOrientationLandscapeLeft UIInterfaceOrientationLandscapeRight";
				INFOPLIST_KEY_UISupportedInterfaceOrientations_iPhone = "UIInterfaceOrientationPortrait UIInterfaceOrientationLandscapeLeft UIInterfaceOrientationLandscapeRight";
				LD_RUNPATH_SEARCH_PATHS = (
					"$(inherited)",
					"@executable_path/Frameworks",
				);
				MARKETING_VERSION = 1.0;
				PRODUCT_BUNDLE_IDENTIFIER = bb.study.SignUp;
				PRODUCT_NAME = "$(TARGET_NAME)";
				SUPPORTED_PLATFORMS = "iphoneos iphonesimulator";
				SUPPORTS_MACCATALYST = NO;
				SUPPORTS_MAC_DESIGNED_FOR_IPHONE_IPAD = NO;
				SWIFT_EMIT_LOC_STRINGS = YES;
				SWIFT_VERSION = 5.0;
				TARGETED_DEVICE_FAMILY = 1;
			};
			name = Debug;
		};
		8F89F2A0299E415B00E775CD /* Release */ = {
			isa = XCBuildConfiguration;
			buildSettings = {
				ASSETCATALOG_COMPILER_APPICON_NAME = AppIcon;
				ASSETCATALOG_COMPILER_GLOBAL_ACCENT_COLOR_NAME = AccentColor;
				CODE_SIGN_STYLE = Automatic;
				CURRENT_PROJECT_VERSION = 1;
				DEVELOPMENT_TEAM = 62SDS28JUT;
				GENERATE_INFOPLIST_FILE = YES;
				INFOPLIST_FILE = "SignUp/Resources/Supporting Files/Info.plist";
				INFOPLIST_KEY_UIApplicationSupportsIndirectInputEvents = YES;
				INFOPLIST_KEY_UILaunchStoryboardName = LaunchScreen;
				INFOPLIST_KEY_UIMainStoryboardFile = Main;
				INFOPLIST_KEY_UISupportedInterfaceOrientations_iPad = "UIInterfaceOrientationPortrait UIInterfaceOrientationPortraitUpsideDown UIInterfaceOrientationLandscapeLeft UIInterfaceOrientationLandscapeRight";
				INFOPLIST_KEY_UISupportedInterfaceOrientations_iPhone = "UIInterfaceOrientationPortrait UIInterfaceOrientationLandscapeLeft UIInterfaceOrientationLandscapeRight";
				LD_RUNPATH_SEARCH_PATHS = (
					"$(inherited)",
					"@executable_path/Frameworks",
				);
				MARKETING_VERSION = 1.0;
				PRODUCT_BUNDLE_IDENTIFIER = bb.study.SignUp;
				PRODUCT_NAME = "$(TARGET_NAME)";
				SUPPORTED_PLATFORMS = "iphoneos iphonesimulator";
				SUPPORTS_MACCATALYST = NO;
				SUPPORTS_MAC_DESIGNED_FOR_IPHONE_IPAD = NO;
				SWIFT_EMIT_LOC_STRINGS = YES;
				SWIFT_VERSION = 5.0;
				TARGETED_DEVICE_FAMILY = 1;
			};
			name = Release;
		};
/* End XCBuildConfiguration section */

/* Begin XCConfigurationList section */
		8F89F285299E415800E775CD /* Build configuration list for PBXProject "SignUp" */ = {
			isa = XCConfigurationList;
			buildConfigurations = (
				8F89F29C299E415B00E775CD /* Debug */,
				8F89F29D299E415B00E775CD /* Release */,
			);
			defaultConfigurationIsVisible = 0;
			defaultConfigurationName = Release;
		};
		8F89F29E299E415B00E775CD /* Build configuration list for PBXNativeTarget "SignUp" */ = {
			isa = XCConfigurationList;
			buildConfigurations = (
				8F89F29F299E415B00E775CD /* Debug */,
				8F89F2A0299E415B00E775CD /* Release */,
			);
			defaultConfigurationIsVisible = 0;
			defaultConfigurationName = Release;
		};
/* End XCConfigurationList section */
	};
	rootObject = 8F89F282299E415800E775CD /* Project object */;
}
